# THIS IS AN AUTOGENERATED FILE. DO NOT EDIT THIS FILE DIRECTLY.
# yarn lockfile v1


graphviz@^0.0.8:
  version "0.0.8"
  resolved "https://registry.yarnpkg.com/graphviz/-/graphviz-0.0.8.tgz#e599e40733ef80e1653bfe89a5f031ecf2aa4aaa"
  dependencies:
    temp "~0.4.0"

line-reader@^0.4.0:
  version "0.4.0"
  resolved "https://registry.yarnpkg.com/line-reader/-/line-reader-0.4.0.tgz#17e44818da0ac335675ba300954f94ef670e66fd"

temp@~0.4.0:
  version "0.4.0"
  resolved "https://registry.yarnpkg.com/temp/-/temp-0.4.0.tgz#671ad63d57be0fe9d7294664b3fc400636678a60"
